// !$*UTF8*$!
{
	archiveVersion = 1;
	classes = {
	};
	objectVersion = 52;
	objects = {

/* Begin PBXBuildFile section */
		0401F3FC25A1C9F400147FC9 /* Date+DiffBetweenTwoDates.swift in Sources */ = {isa = PBXBuildFile; fileRef = 0401F3FB25A1C9F400147FC9 /* Date+DiffBetweenTwoDates.swift */; };
		0401F3FF25A3B7C500147FC9 /* ArticleDetail.swift in Sources */ = {isa = PBXBuildFile; fileRef = 0401F3FE25A3B7C500147FC9 /* ArticleDetail.swift */; };
		0401F40225A67C7A00147FC9 /* TopHeadlinesView.swift in Sources */ = {isa = PBXBuildFile; fileRef = 0401F40125A67C7A00147FC9 /* TopHeadlinesView.swift */; };
		0401F40725A7B2DC00147FC9 /* Categories.swift in Sources */ = {isa = PBXBuildFile; fileRef = 0401F40625A7B2DC00147FC9 /* Categories.swift */; };
		0401F40B25A7B69B00147FC9 /* SortBys.swift in Sources */ = {isa = PBXBuildFile; fileRef = 0401F40A25A7B69B00147FC9 /* SortBys.swift */; };
		0401F40F25A7B83000147FC9 /* TopHeadlinesRequest.swift in Sources */ = {isa = PBXBuildFile; fileRef = 0401F40E25A7B82F00147FC9 /* TopHeadlinesRequest.swift */; };
		0401F41325A7B90E00147FC9 /* Languages.swift in Sources */ = {isa = PBXBuildFile; fileRef = 0401F41225A7B90E00147FC9 /* Languages.swift */; };
		0401F41625A7C1CC00147FC9 /* Countries.swift in Sources */ = {isa = PBXBuildFile; fileRef = 0401F41525A7C1CC00147FC9 /* Countries.swift */; };
		0401F41B25A7D7F700147FC9 /* EverythingRequest.swift in Sources */ = {isa = PBXBuildFile; fileRef = 0401F41A25A7D7F700147FC9 /* EverythingRequest.swift */; };
		0401F41E25A7DA7400147FC9 /* Requestable.swift in Sources */ = {isa = PBXBuildFile; fileRef = 0401F41D25A7DA7400147FC9 /* Requestable.swift */; };
		0415DB35259F551300E850B7 /* ArticleListResponse.swift in Sources */ = {isa = PBXBuildFile; fileRef = 0415DB34259F551300E850B7 /* ArticleListResponse.swift */; };
		0415DB38259F55FA00E850B7 /* Article.swift in Sources */ = {isa = PBXBuildFile; fileRef = 0415DB37259F55FA00E850B7 /* Article.swift */; };
		0415DB3B259F563600E850B7 /* Source.swift in Sources */ = {isa = PBXBuildFile; fileRef = 0415DB3A259F563600E850B7 /* Source.swift */; };
		0415DB3F259FC56100E850B7 /* ArticleList.swift in Sources */ = {isa = PBXBuildFile; fileRef = 0415DB3E259FC56100E850B7 /* ArticleList.swift */; };
		0415DB43259FC5A200E850B7 /* ArticleListViewModel.swift in Sources */ = {isa = PBXBuildFile; fileRef = 0415DB42259FC5A200E850B7 /* ArticleListViewModel.swift */; };
		0415DB47259FC7B000E850B7 /* URLSession+ArticleListResponse.swift in Sources */ = {isa = PBXBuildFile; fileRef = 0415DB46259FC7B000E850B7 /* URLSession+ArticleListResponse.swift */; };
		0415DB4E259FC85E00E850B7 /* JSONSchemaSupport.swift in Sources */ = {isa = PBXBuildFile; fileRef = 0415DB4D259FC85E00E850B7 /* JSONSchemaSupport.swift */; };
		0415DB52259FC94700E850B7 /* URL+NewsAPI.swift in Sources */ = {isa = PBXBuildFile; fileRef = 0415DB51259FC94700E850B7 /* URL+NewsAPI.swift */; };
		0415DB56259FE49E00E850B7 /* Keys.plist in Resources */ = {isa = PBXBuildFile; fileRef = 0415DB55259FE49E00E850B7 /* Keys.plist */; };
		0415DB5A259FEEBB00E850B7 /* ArticleRow.swift in Sources */ = {isa = PBXBuildFile; fileRef = 0415DB59259FEEBB00E850B7 /* ArticleRow.swift */; };
		0415DB5D25A083EC00E850B7 /* StatusOverlayView.swift in Sources */ = {isa = PBXBuildFile; fileRef = 0415DB5C25A083EC00E850B7 /* StatusOverlayView.swift */; };
		0415DB6525A099E100E850B7 /* URLImage in Frameworks */ = {isa = PBXBuildFile; productRef = 0415DB6425A099E100E850B7 /* URLImage */; };
		0419BD5125AE2EA100942084 /* TitleWithSF.swift in Sources */ = {isa = PBXBuildFile; fileRef = 0419BD5025AE2EA100942084 /* TitleWithSF.swift */; };
		0419BD5425AEF14500942084 /* WebView.swift in Sources */ = {isa = PBXBuildFile; fileRef = 0419BD5325AEF14500942084 /* WebView.swift */; };
		0419BD5725AEFD3900942084 /* CategoryTagView.swift in Sources */ = {isa = PBXBuildFile; fileRef = 0419BD5625AEFD3900942084 /* CategoryTagView.swift */; };
		0419BD6225B079AA00942084 /* Color+Theme.swift in Sources */ = {isa = PBXBuildFile; fileRef = 0419BD6125B079AA00942084 /* Color+Theme.swift */; };
		0419BD6625B07A6F00942084 /* CardLook.swift in Sources */ = {isa = PBXBuildFile; fileRef = 0419BD6525B07A6F00942084 /* CardLook.swift */; };
		0419BD6925B07AF800942084 /* CardAccent.swift in Sources */ = {isa = PBXBuildFile; fileRef = 0419BD6825B07AF800942084 /* CardAccent.swift */; };
		0419BD6C25B07B3F00942084 /* CardText.swift in Sources */ = {isa = PBXBuildFile; fileRef = 0419BD6B25B07B3F00942084 /* CardText.swift */; };
		0419BD6F25B07BD900942084 /* View+ViewModifier.swift in Sources */ = {isa = PBXBuildFile; fileRef = 0419BD6E25B07BD900942084 /* View+ViewModifier.swift */; };
		0419BD7225B38E6200942084 /* AppView.swift in Sources */ = {isa = PBXBuildFile; fileRef = 0419BD7125B38E6200942084 /* AppView.swift */; };
		0419BD7525B38F3D00942084 /* SearchView.swift in Sources */ = {isa = PBXBuildFile; fileRef = 0419BD7425B38F3D00942084 /* SearchView.swift */; };
		0419BD7825B38FBB00942084 /* BookmarkListView.swift in Sources */ = {isa = PBXBuildFile; fileRef = 0419BD7725B38FBB00942084 /* BookmarkListView.swift */; };
		0419BD7B25B3902800942084 /* SettingsView.swift in Sources */ = {isa = PBXBuildFile; fileRef = 0419BD7A25B3902800942084 /* SettingsView.swift */; };
		04CCF573259AA28B0019654A /* DailyeApp.swift in Sources */ = {isa = PBXBuildFile; fileRef = 04CCF572259AA28B0019654A /* DailyeApp.swift */; };
		04CCF575259AA28B0019654A /* ContentView.swift in Sources */ = {isa = PBXBuildFile; fileRef = 04CCF574259AA28B0019654A /* ContentView.swift */; };
		04CCF577259AA28F0019654A /* Assets.xcassets in Resources */ = {isa = PBXBuildFile; fileRef = 04CCF576259AA28F0019654A /* Assets.xcassets */; };
		04CCF57A259AA28F0019654A /* Preview Assets.xcassets in Resources */ = {isa = PBXBuildFile; fileRef = 04CCF579259AA28F0019654A /* Preview Assets.xcassets */; };
		04CCF57C259AA28F0019654A /* Persistence.swift in Sources */ = {isa = PBXBuildFile; fileRef = 04CCF57B259AA28F0019654A /* Persistence.swift */; };
		04CCF57F259AA28F0019654A /* Dailye.xcdatamodeld in Sources */ = {isa = PBXBuildFile; fileRef = 04CCF57D259AA28F0019654A /* Dailye.xcdatamodeld */; };
/* End PBXBuildFile section */

/* Begin PBXFileReference section */
		0401F3FB25A1C9F400147FC9 /* Date+DiffBetweenTwoDates.swift */ = {isa = PBXFileReference; lastKnownFileType = sourcecode.swift; path = "Date+DiffBetweenTwoDates.swift"; sourceTree = "<group>"; };
		0401F3FE25A3B7C500147FC9 /* ArticleDetail.swift */ = {isa = PBXFileReference; lastKnownFileType = sourcecode.swift; path = ArticleDetail.swift; sourceTree = "<group>"; };
		0401F40125A67C7A00147FC9 /* TopHeadlinesView.swift */ = {isa = PBXFileReference; lastKnownFileType = sourcecode.swift; path = TopHeadlinesView.swift; sourceTree = "<group>"; };
		0401F40625A7B2DC00147FC9 /* Categories.swift */ = {isa = PBXFileReference; lastKnownFileType = sourcecode.swift; path = Categories.swift; sourceTree = "<group>"; };
		0401F40A25A7B69B00147FC9 /* SortBys.swift */ = {isa = PBXFileReference; lastKnownFileType = sourcecode.swift; path = SortBys.swift; sourceTree = "<group>"; };
		0401F40E25A7B82F00147FC9 /* TopHeadlinesRequest.swift */ = {isa = PBXFileReference; lastKnownFileType = sourcecode.swift; path = TopHeadlinesRequest.swift; sourceTree = "<group>"; };
		0401F41225A7B90E00147FC9 /* Languages.swift */ = {isa = PBXFileReference; lastKnownFileType = sourcecode.swift; path = Languages.swift; sourceTree = "<group>"; };
		0401F41525A7C1CC00147FC9 /* Countries.swift */ = {isa = PBXFileReference; lastKnownFileType = sourcecode.swift; path = Countries.swift; sourceTree = "<group>"; };
		0401F41A25A7D7F700147FC9 /* EverythingRequest.swift */ = {isa = PBXFileReference; lastKnownFileType = sourcecode.swift; path = EverythingRequest.swift; sourceTree = "<group>"; };
		0401F41D25A7DA7400147FC9 /* Requestable.swift */ = {isa = PBXFileReference; lastKnownFileType = sourcecode.swift; path = Requestable.swift; sourceTree = "<group>"; };
		0415DB34259F551300E850B7 /* ArticleListResponse.swift */ = {isa = PBXFileReference; lastKnownFileType = sourcecode.swift; path = ArticleListResponse.swift; sourceTree = "<group>"; };
		0415DB37259F55FA00E850B7 /* Article.swift */ = {isa = PBXFileReference; lastKnownFileType = sourcecode.swift; path = Article.swift; sourceTree = "<group>"; };
		0415DB3A259F563600E850B7 /* Source.swift */ = {isa = PBXFileReference; lastKnownFileType = sourcecode.swift; path = Source.swift; sourceTree = "<group>"; };
		0415DB3E259FC56100E850B7 /* ArticleList.swift */ = {isa = PBXFileReference; lastKnownFileType = sourcecode.swift; path = ArticleList.swift; sourceTree = "<group>"; };
		0415DB42259FC5A200E850B7 /* ArticleListViewModel.swift */ = {isa = PBXFileReference; lastKnownFileType = sourcecode.swift; path = ArticleListViewModel.swift; sourceTree = "<group>"; };
		0415DB46259FC7B000E850B7 /* URLSession+ArticleListResponse.swift */ = {isa = PBXFileReference; lastKnownFileType = sourcecode.swift; path = "URLSession+ArticleListResponse.swift"; sourceTree = "<group>"; };
		0415DB4D259FC85E00E850B7 /* JSONSchemaSupport.swift */ = {isa = PBXFileReference; lastKnownFileType = sourcecode.swift; path = JSONSchemaSupport.swift; sourceTree = "<group>"; };
		0415DB51259FC94700E850B7 /* URL+NewsAPI.swift */ = {isa = PBXFileReference; lastKnownFileType = sourcecode.swift; path = "URL+NewsAPI.swift"; sourceTree = "<group>"; };
		0415DB55259FE49E00E850B7 /* Keys.plist */ = {isa = PBXFileReference; lastKnownFileType = text.plist.xml; path = Keys.plist; sourceTree = "<group>"; };
		0415DB59259FEEBB00E850B7 /* ArticleRow.swift */ = {isa = PBXFileReference; lastKnownFileType = sourcecode.swift; path = ArticleRow.swift; sourceTree = "<group>"; };
		0415DB5C25A083EC00E850B7 /* StatusOverlayView.swift */ = {isa = PBXFileReference; lastKnownFileType = sourcecode.swift; path = StatusOverlayView.swift; sourceTree = "<group>"; };
		0419BD5025AE2EA100942084 /* TitleWithSF.swift */ = {isa = PBXFileReference; lastKnownFileType = sourcecode.swift; path = TitleWithSF.swift; sourceTree = "<group>"; };
		0419BD5325AEF14500942084 /* WebView.swift */ = {isa = PBXFileReference; lastKnownFileType = sourcecode.swift; path = WebView.swift; sourceTree = "<group>"; };
		0419BD5625AEFD3900942084 /* CategoryTagView.swift */ = {isa = PBXFileReference; lastKnownFileType = sourcecode.swift; path = CategoryTagView.swift; sourceTree = "<group>"; };
		0419BD6125B079AA00942084 /* Color+Theme.swift */ = {isa = PBXFileReference; lastKnownFileType = sourcecode.swift; path = "Color+Theme.swift"; sourceTree = "<group>"; };
		0419BD6525B07A6F00942084 /* CardLook.swift */ = {isa = PBXFileReference; lastKnownFileType = sourcecode.swift; path = CardLook.swift; sourceTree = "<group>"; };
		0419BD6825B07AF800942084 /* CardAccent.swift */ = {isa = PBXFileReference; lastKnownFileType = sourcecode.swift; path = CardAccent.swift; sourceTree = "<group>"; };
		0419BD6B25B07B3F00942084 /* CardText.swift */ = {isa = PBXFileReference; lastKnownFileType = sourcecode.swift; path = CardText.swift; sourceTree = "<group>"; };
		0419BD6E25B07BD900942084 /* View+ViewModifier.swift */ = {isa = PBXFileReference; lastKnownFileType = sourcecode.swift; path = "View+ViewModifier.swift"; sourceTree = "<group>"; };
		0419BD7125B38E6200942084 /* AppView.swift */ = {isa = PBXFileReference; lastKnownFileType = sourcecode.swift; path = AppView.swift; sourceTree = "<group>"; };
		0419BD7425B38F3D00942084 /* SearchView.swift */ = {isa = PBXFileReference; lastKnownFileType = sourcecode.swift; path = SearchView.swift; sourceTree = "<group>"; };
		0419BD7725B38FBB00942084 /* BookmarkListView.swift */ = {isa = PBXFileReference; lastKnownFileType = sourcecode.swift; path = BookmarkListView.swift; sourceTree = "<group>"; };
		0419BD7A25B3902800942084 /* SettingsView.swift */ = {isa = PBXFileReference; lastKnownFileType = sourcecode.swift; path = SettingsView.swift; sourceTree = "<group>"; };
		04CCF56F259AA28B0019654A /* Dailye.app */ = {isa = PBXFileReference; explicitFileType = wrapper.application; includeInIndex = 0; path = Dailye.app; sourceTree = BUILT_PRODUCTS_DIR; };
		04CCF572259AA28B0019654A /* DailyeApp.swift */ = {isa = PBXFileReference; lastKnownFileType = sourcecode.swift; path = DailyeApp.swift; sourceTree = "<group>"; };
		04CCF574259AA28B0019654A /* ContentView.swift */ = {isa = PBXFileReference; lastKnownFileType = sourcecode.swift; path = ContentView.swift; sourceTree = "<group>"; };
		04CCF576259AA28F0019654A /* Assets.xcassets */ = {isa = PBXFileReference; lastKnownFileType = folder.assetcatalog; path = Assets.xcassets; sourceTree = "<group>"; };
		04CCF579259AA28F0019654A /* Preview Assets.xcassets */ = {isa = PBXFileReference; lastKnownFileType = folder.assetcatalog; path = "Preview Assets.xcassets"; sourceTree = "<group>"; };
		04CCF57B259AA28F0019654A /* Persistence.swift */ = {isa = PBXFileReference; lastKnownFileType = sourcecode.swift; path = Persistence.swift; sourceTree = "<group>"; };
		04CCF57E259AA28F0019654A /* Dailye.xcdatamodel */ = {isa = PBXFileReference; lastKnownFileType = wrapper.xcdatamodel; path = Dailye.xcdatamodel; sourceTree = "<group>"; };
		04CCF580259AA28F0019654A /* Info.plist */ = {isa = PBXFileReference; lastKnownFileType = text.plist.xml; path = Info.plist; sourceTree = "<group>"; };
/* End PBXFileReference section */

/* Begin PBXFrameworksBuildPhase section */
		04CCF56C259AA28B0019654A /* Frameworks */ = {
			isa = PBXFrameworksBuildPhase;
			buildActionMask = 2147483647;
			files = (
				0415DB6525A099E100E850B7 /* URLImage in Frameworks */,
			);
			runOnlyForDeploymentPostprocessing = 0;
		};
/* End PBXFrameworksBuildPhase section */

/* Begin PBXGroup section */
		0401F40925A7B5E100147FC9 /* Constants */ = {
			isa = PBXGroup;
			children = (
				0401F41525A7C1CC00147FC9 /* Countries.swift */,
				0401F41225A7B90E00147FC9 /* Languages.swift */,
				0401F40625A7B2DC00147FC9 /* Categories.swift */,
				0401F40A25A7B69B00147FC9 /* SortBys.swift */,
			);
			path = Constants;
			sourceTree = "<group>";
		};
		0401F40D25A7B7EE00147FC9 /* Requests */ = {
			isa = PBXGroup;
			children = (
				0401F40E25A7B82F00147FC9 /* TopHeadlinesRequest.swift */,
				0401F41A25A7D7F700147FC9 /* EverythingRequest.swift */,
				0401F41D25A7DA7400147FC9 /* Requestable.swift */,
			);
			path = Requests;
			sourceTree = "<group>";
		};
		0412450925B7499F00892310 /* Tabs */ = {
			isa = PBXGroup;
			children = (
				0401F40125A67C7A00147FC9 /* TopHeadlinesView.swift */,
				0419BD7425B38F3D00942084 /* SearchView.swift */,
				0419BD7725B38FBB00942084 /* BookmarkListView.swift */,
				0419BD7A25B3902800942084 /* SettingsView.swift */,
			);
			path = Tabs;
			sourceTree = "<group>";
		};
		0412450B25B74A3B00892310 /* Helpers */ = {
			isa = PBXGroup;
			children = (
				0415DB5C25A083EC00E850B7 /* StatusOverlayView.swift */,
				0419BD5025AE2EA100942084 /* TitleWithSF.swift */,
				0419BD5325AEF14500942084 /* WebView.swift */,
				0419BD5625AEFD3900942084 /* CategoryTagView.swift */,
			);
			path = Helpers;
			sourceTree = "<group>";
		};
		0412450D25B74A5500892310 /* Articles */ = {
			isa = PBXGroup;
			children = (
				0415DB3E259FC56100E850B7 /* ArticleList.swift */,
				0415DB59259FEEBB00E850B7 /* ArticleRow.swift */,
				0401F3FE25A3B7C500147FC9 /* ArticleDetail.swift */,
			);
			path = Articles;
			sourceTree = "<group>";
		};
		0415DB33259F518F00E850B7 /* Model */ = {
			isa = PBXGroup;
			children = (
				0401F40D25A7B7EE00147FC9 /* Requests */,
				0401F40925A7B5E100147FC9 /* Constants */,
				0415DB34259F551300E850B7 /* ArticleListResponse.swift */,
				0415DB37259F55FA00E850B7 /* Article.swift */,
				0415DB3A259F563600E850B7 /* Source.swift */,
			);
			path = Model;
			sourceTree = "<group>";
		};
		0415DB3D259FC4F600E850B7 /* View */ = {
			isa = PBXGroup;
			children = (
				0419BD6425B07A2000942084 /* ViewModifier */,
				0412450D25B74A5500892310 /* Articles */,
				0412450B25B74A3B00892310 /* Helpers */,
				0412450925B7499F00892310 /* Tabs */,
				0419BD7125B38E6200942084 /* AppView.swift */,
			);
			path = View;
			sourceTree = "<group>";
		};
		0415DB41259FC58100E850B7 /* ViewModel */ = {
			isa = PBXGroup;
			children = (
				0415DB42259FC5A200E850B7 /* ArticleListViewModel.swift */,
			);
			path = ViewModel;
			sourceTree = "<group>";
		};
		0415DB45259FC77E00E850B7 /* Extension */ = {
			isa = PBXGroup;
			children = (
				0415DB46259FC7B000E850B7 /* URLSession+ArticleListResponse.swift */,
				0415DB51259FC94700E850B7 /* URL+NewsAPI.swift */,
				0401F3FB25A1C9F400147FC9 /* Date+DiffBetweenTwoDates.swift */,
				0419BD6125B079AA00942084 /* Color+Theme.swift */,
				0419BD6E25B07BD900942084 /* View+ViewModifier.swift */,
			);
			path = Extension;
			sourceTree = "<group>";
		};
		0419BD6425B07A2000942084 /* ViewModifier */ = {
			isa = PBXGroup;
			children = (
				0419BD6525B07A6F00942084 /* CardLook.swift */,
				0419BD6825B07AF800942084 /* CardAccent.swift */,
				0419BD6B25B07B3F00942084 /* CardText.swift */,
			);
			path = ViewModifier;
			sourceTree = "<group>";
		};
		04CCF566259AA28B0019654A = {
			isa = PBXGroup;
			children = (
				04CCF571259AA28B0019654A /* Dailye */,
				04CCF570259AA28B0019654A /* Products */,
			);
			sourceTree = "<group>";
		};
		04CCF570259AA28B0019654A /* Products */ = {
			isa = PBXGroup;
			children = (
				04CCF56F259AA28B0019654A /* Dailye.app */,
			);
			name = Products;
			sourceTree = "<group>";
		};
		04CCF571259AA28B0019654A /* Dailye */ = {
			isa = PBXGroup;
			children = (
				0415DB4D259FC85E00E850B7 /* JSONSchemaSupport.swift */,
				0415DB45259FC77E00E850B7 /* Extension */,
				0415DB41259FC58100E850B7 /* ViewModel */,
				0415DB3D259FC4F600E850B7 /* View */,
				0415DB33259F518F00E850B7 /* Model */,
				04CCF572259AA28B0019654A /* DailyeApp.swift */,
				04CCF574259AA28B0019654A /* ContentView.swift */,
				04CCF576259AA28F0019654A /* Assets.xcassets */,
				04CCF57B259AA28F0019654A /* Persistence.swift */,
				04CCF580259AA28F0019654A /* Info.plist */,
				04CCF57D259AA28F0019654A /* Dailye.xcdatamodeld */,
				04CCF578259AA28F0019654A /* Preview Content */,
				0415DB55259FE49E00E850B7 /* Keys.plist */,
			);
			path = Dailye;
			sourceTree = "<group>";
		};
		04CCF578259AA28F0019654A /* Preview Content */ = {
			isa = PBXGroup;
			children = (
				04CCF579259AA28F0019654A /* Preview Assets.xcassets */,
			);
			path = "Preview Content";
			sourceTree = "<group>";
		};
/* End PBXGroup section */

/* Begin PBXNativeTarget section */
		04CCF56E259AA28B0019654A /* Dailye */ = {
			isa = PBXNativeTarget;
			buildConfigurationList = 04CCF583259AA28F0019654A /* Build configuration list for PBXNativeTarget "Dailye" */;
			buildPhases = (
				04CCF56B259AA28B0019654A /* Sources */,
				04CCF56C259AA28B0019654A /* Frameworks */,
				04CCF56D259AA28B0019654A /* Resources */,
			);
			buildRules = (
			);
			dependencies = (
			);
			name = Dailye;
			packageProductDependencies = (
				0415DB6425A099E100E850B7 /* URLImage */,
			);
			productName = Dailye;
			productReference = 04CCF56F259AA28B0019654A /* Dailye.app */;
			productType = "com.apple.product-type.application";
		};
/* End PBXNativeTarget section */

/* Begin PBXProject section */
		04CCF567259AA28B0019654A /* Project object */ = {
			isa = PBXProject;
			attributes = {
				LastSwiftUpdateCheck = 1230;
				LastUpgradeCheck = 1230;
				TargetAttributes = {
					04CCF56E259AA28B0019654A = {
						CreatedOnToolsVersion = 12.3;
					};
				};
			};
			buildConfigurationList = 04CCF56A259AA28B0019654A /* Build configuration list for PBXProject "Dailye" */;
			compatibilityVersion = "Xcode 9.3";
			developmentRegion = en;
			hasScannedForEncodings = 0;
			knownRegions = (
				en,
				Base,
			);
			mainGroup = 04CCF566259AA28B0019654A;
			packageReferences = (
				0415DB6325A099E100E850B7 /* XCRemoteSwiftPackageReference "url-image" */,
			);
			productRefGroup = 04CCF570259AA28B0019654A /* Products */;
			projectDirPath = "";
			projectRoot = "";
			targets = (
				04CCF56E259AA28B0019654A /* Dailye */,
			);
		};
/* End PBXProject section */

/* Begin PBXResourcesBuildPhase section */
		04CCF56D259AA28B0019654A /* Resources */ = {
			isa = PBXResourcesBuildPhase;
			buildActionMask = 2147483647;
			files = (
				0415DB56259FE49E00E850B7 /* Keys.plist in Resources */,
				04CCF57A259AA28F0019654A /* Preview Assets.xcassets in Resources */,
				04CCF577259AA28F0019654A /* Assets.xcassets in Resources */,
			);
			runOnlyForDeploymentPostprocessing = 0;
		};
/* End PBXResourcesBuildPhase section */

/* Begin PBXSourcesBuildPhase section */
		04CCF56B259AA28B0019654A /* Sources */ = {
			isa = PBXSourcesBuildPhase;
			buildActionMask = 2147483647;
			files = (
				0401F41625A7C1CC00147FC9 /* Countries.swift in Sources */,
				0415DB35259F551300E850B7 /* ArticleListResponse.swift in Sources */,
				0419BD6F25B07BD900942084 /* View+ViewModifier.swift in Sources */,
				04CCF57C259AA28F0019654A /* Persistence.swift in Sources */,
				0401F41B25A7D7F700147FC9 /* EverythingRequest.swift in Sources */,
				0415DB38259F55FA00E850B7 /* Article.swift in Sources */,
				0419BD7525B38F3D00942084 /* SearchView.swift in Sources */,
				0419BD6925B07AF800942084 /* CardAccent.swift in Sources */,
				0415DB3F259FC56100E850B7 /* ArticleList.swift in Sources */,
				0401F40B25A7B69B00147FC9 /* SortBys.swift in Sources */,
				0401F40F25A7B83000147FC9 /* TopHeadlinesRequest.swift in Sources */,
				0419BD7825B38FBB00942084 /* BookmarkListView.swift in Sources */,
				0401F3FF25A3B7C500147FC9 /* ArticleDetail.swift in Sources */,
				0419BD6225B079AA00942084 /* Color+Theme.swift in Sources */,
				0401F41E25A7DA7400147FC9 /* Requestable.swift in Sources */,
				0401F40725A7B2DC00147FC9 /* Categories.swift in Sources */,
				0401F40225A67C7A00147FC9 /* TopHeadlinesView.swift in Sources */,
				0415DB52259FC94700E850B7 /* URL+NewsAPI.swift in Sources */,
				0415DB43259FC5A200E850B7 /* ArticleListViewModel.swift in Sources */,
				0415DB3B259F563600E850B7 /* Source.swift in Sources */,
				0419BD5425AEF14500942084 /* WebView.swift in Sources */,
				0419BD7B25B3902800942084 /* SettingsView.swift in Sources */,
				0419BD5725AEFD3900942084 /* CategoryTagView.swift in Sources */,
				0415DB47259FC7B000E850B7 /* URLSession+ArticleListResponse.swift in Sources */,
				0401F3FC25A1C9F400147FC9 /* Date+DiffBetweenTwoDates.swift in Sources */,
				04CCF575259AA28B0019654A /* ContentView.swift in Sources */,
				0419BD6625B07A6F00942084 /* CardLook.swift in Sources */,
				04CCF573259AA28B0019654A /* DailyeApp.swift in Sources */,
				04CCF57F259AA28F0019654A /* Dailye.xcdatamodeld in Sources */,
				0419BD7225B38E6200942084 /* AppView.swift in Sources */,
				0401F41325A7B90E00147FC9 /* Languages.swift in Sources */,
				0415DB5A259FEEBB00E850B7 /* ArticleRow.swift in Sources */,
				0419BD5125AE2EA100942084 /* TitleWithSF.swift in Sources */,
				0419BD6C25B07B3F00942084 /* CardText.swift in Sources */,
				0415DB4E259FC85E00E850B7 /* JSONSchemaSupport.swift in Sources */,
				0415DB5D25A083EC00E850B7 /* StatusOverlayView.swift in Sources */,
			);
			runOnlyForDeploymentPostprocessing = 0;
		};
/* End PBXSourcesBuildPhase section */

/* Begin XCBuildConfiguration section */
		04CCF581259AA28F0019654A /* Debug */ = {
			isa = XCBuildConfiguration;
			buildSettings = {
				ALWAYS_SEARCH_USER_PATHS = NO;
				CLANG_ANALYZER_NONNULL = YES;
				CLANG_ANALYZER_NUMBER_OBJECT_CONVERSION = YES_AGGRESSIVE;
				CLANG_CXX_LANGUAGE_STANDARD = "gnu++14";
				CLANG_CXX_LIBRARY = "libc++";
				CLANG_ENABLE_MODULES = YES;
				CLANG_ENABLE_OBJC_ARC = YES;
				CLANG_ENABLE_OBJC_WEAK = YES;
				CLANG_WARN_BLOCK_CAPTURE_AUTORELEASING = YES;
				CLANG_WARN_BOOL_CONVERSION = YES;
				CLANG_WARN_COMMA = YES;
				CLANG_WARN_CONSTANT_CONVERSION = YES;
				CLANG_WARN_DEPRECATED_OBJC_IMPLEMENTATIONS = YES;
				CLANG_WARN_DIRECT_OBJC_ISA_USAGE = YES_ERROR;
				CLANG_WARN_DOCUMENTATION_COMMENTS = YES;
				CLANG_WARN_EMPTY_BODY = YES;
				CLANG_WARN_ENUM_CONVERSION = YES;
				CLANG_WARN_INFINITE_RECURSION = YES;
				CLANG_WARN_INT_CONVERSION = YES;
				CLANG_WARN_NON_LITERAL_NULL_CONVERSION = YES;
				CLANG_WARN_OBJC_IMPLICIT_RETAIN_SELF = YES;
				CLANG_WARN_OBJC_LITERAL_CONVERSION = YES;
				CLANG_WARN_OBJC_ROOT_CLASS = YES_ERROR;
				CLANG_WARN_QUOTED_INCLUDE_IN_FRAMEWORK_HEADER = YES;
				CLANG_WARN_RANGE_LOOP_ANALYSIS = YES;
				CLANG_WARN_STRICT_PROTOTYPES = YES;
				CLANG_WARN_SUSPICIOUS_MOVE = YES;
				CLANG_WARN_UNGUARDED_AVAILABILITY = YES_AGGRESSIVE;
				CLANG_WARN_UNREACHABLE_CODE = YES;
				CLANG_WARN__DUPLICATE_METHOD_MATCH = YES;
				COPY_PHASE_STRIP = NO;
				DEBUG_INFORMATION_FORMAT = dwarf;
				ENABLE_STRICT_OBJC_MSGSEND = YES;
				ENABLE_TESTABILITY = YES;
				GCC_C_LANGUAGE_STANDARD = gnu11;
				GCC_DYNAMIC_NO_PIC = NO;
				GCC_NO_COMMON_BLOCKS = YES;
				GCC_OPTIMIZATION_LEVEL = 0;
				GCC_PREPROCESSOR_DEFINITIONS = (
					"DEBUG=1",
					"$(inherited)",
				);
				GCC_WARN_64_TO_32_BIT_CONVERSION = YES;
				GCC_WARN_ABOUT_RETURN_TYPE = YES_ERROR;
				GCC_WARN_UNDECLARED_SELECTOR = YES;
				GCC_WARN_UNINITIALIZED_AUTOS = YES_AGGRESSIVE;
				GCC_WARN_UNUSED_FUNCTION = YES;
				GCC_WARN_UNUSED_VARIABLE = YES;
				IPHONEOS_DEPLOYMENT_TARGET = 14.3;
				MTL_ENABLE_DEBUG_INFO = INCLUDE_SOURCE;
				MTL_FAST_MATH = YES;
				ONLY_ACTIVE_ARCH = YES;
				SDKROOT = iphoneos;
				SWIFT_ACTIVE_COMPILATION_CONDITIONS = DEBUG;
				SWIFT_OPTIMIZATION_LEVEL = "-Onone";
			};
			name = Debug;
		};
		04CCF582259AA28F0019654A /* Release */ = {
			isa = XCBuildConfiguration;
			buildSettings = {
				ALWAYS_SEARCH_USER_PATHS = NO;
				CLANG_ANALYZER_NONNULL = YES;
				CLANG_ANALYZER_NUMBER_OBJECT_CONVERSION = YES_AGGRESSIVE;
				CLANG_CXX_LANGUAGE_STANDARD = "gnu++14";
				CLANG_CXX_LIBRARY = "libc++";
				CLANG_ENABLE_MODULES = YES;
				CLANG_ENABLE_OBJC_ARC = YES;
				CLANG_ENABLE_OBJC_WEAK = YES;
				CLANG_WARN_BLOCK_CAPTURE_AUTORELEASING = YES;
				CLANG_WARN_BOOL_CONVERSION = YES;
				CLANG_WARN_COMMA = YES;
				CLANG_WARN_CONSTANT_CONVERSION = YES;
				CLANG_WARN_DEPRECATED_OBJC_IMPLEMENTATIONS = YES;
				CLANG_WARN_DIRECT_OBJC_ISA_USAGE = YES_ERROR;
				CLANG_WARN_DOCUMENTATION_COMMENTS = YES;
				CLANG_WARN_EMPTY_BODY = YES;
				CLANG_WARN_ENUM_CONVERSION = YES;
				CLANG_WARN_INFINITE_RECURSION = YES;
				CLANG_WARN_INT_CONVERSION = YES;
				CLANG_WARN_NON_LITERAL_NULL_CONVERSION = YES;
				CLANG_WARN_OBJC_IMPLICIT_RETAIN_SELF = YES;
				CLANG_WARN_OBJC_LITERAL_CONVERSION = YES;
				CLANG_WARN_OBJC_ROOT_CLASS = YES_ERROR;
				CLANG_WARN_QUOTED_INCLUDE_IN_FRAMEWORK_HEADER = YES;
				CLANG_WARN_RANGE_LOOP_ANALYSIS = YES;
				CLANG_WARN_STRICT_PROTOTYPES = YES;
				CLANG_WARN_SUSPICIOUS_MOVE = YES;
				CLANG_WARN_UNGUARDED_AVAILABILITY = YES_AGGRESSIVE;
				CLANG_WARN_UNREACHABLE_CODE = YES;
				CLANG_WARN__DUPLICATE_METHOD_MATCH = YES;
				COPY_PHASE_STRIP = NO;
				DEBUG_INFORMATION_FORMAT = "dwarf-with-dsym";
				ENABLE_NS_ASSERTIONS = NO;
				ENABLE_STRICT_OBJC_MSGSEND = YES;
				GCC_C_LANGUAGE_STANDARD = gnu11;
				GCC_NO_COMMON_BLOCKS = YES;
				GCC_WARN_64_TO_32_BIT_CONVERSION = YES;
				GCC_WARN_ABOUT_RETURN_TYPE = YES_ERROR;
				GCC_WARN_UNDECLARED_SELECTOR = YES;
				GCC_WARN_UNINITIALIZED_AUTOS = YES_AGGRESSIVE;
				GCC_WARN_UNUSED_FUNCTION = YES;
				GCC_WARN_UNUSED_VARIABLE = YES;
				IPHONEOS_DEPLOYMENT_TARGET = 14.3;
				MTL_ENABLE_DEBUG_INFO = NO;
				MTL_FAST_MATH = YES;
				SDKROOT = iphoneos;
				SWIFT_COMPILATION_MODE = wholemodule;
				SWIFT_OPTIMIZATION_LEVEL = "-O";
				VALIDATE_PRODUCT = YES;
			};
			name = Release;
		};
		04CCF584259AA28F0019654A /* Debug */ = {
			isa = XCBuildConfiguration;
			buildSettings = {
				ASSETCATALOG_COMPILER_APPICON_NAME = AppIcon;
				ASSETCATALOG_COMPILER_GLOBAL_ACCENT_COLOR_NAME = AccentColor;
				CODE_SIGN_STYLE = Automatic;
				DEVELOPMENT_ASSET_PATHS = "\"Dailye/Preview Content\"";
				DEVELOPMENT_TEAM = DB44FJSJ3D;
				ENABLE_PREVIEWS = YES;
				INFOPLIST_FILE = Dailye/Info.plist;
				IPHONEOS_DEPLOYMENT_TARGET = 14.0;
				LD_RUNPATH_SEARCH_PATHS = (
					"$(inherited)",
					"@executable_path/Frameworks",
				);
				PRODUCT_BUNDLE_IDENTIFIER = xyz.goshanchik.Dailye;
				PRODUCT_NAME = "$(TARGET_NAME)";
				SWIFT_VERSION = 5.0;
				TARGETED_DEVICE_FAMILY = "1,2";
			};
			name = Debug;
		};
		04CCF585259AA28F0019654A /* Release */ = {
			isa = XCBuildConfiguration;
			buildSettings = {
				ASSETCATALOG_COMPILER_APPICON_NAME = AppIcon;
				ASSETCATALOG_COMPILER_GLOBAL_ACCENT_COLOR_NAME = AccentColor;
				CODE_SIGN_STYLE = Automatic;
				DEVELOPMENT_ASSET_PATHS = "\"Dailye/Preview Content\"";
				DEVELOPMENT_TEAM = DB44FJSJ3D;
				ENABLE_PREVIEWS = YES;
				INFOPLIST_FILE = Dailye/Info.plist;
				IPHONEOS_DEPLOYMENT_TARGET = 14.0;
				LD_RUNPATH_SEARCH_PATHS = (
					"$(inherited)",
					"@executable_path/Frameworks",
				);
				PRODUCT_BUNDLE_IDENTIFIER = xyz.goshanchik.Dailye;
				PRODUCT_NAME = "$(TARGET_NAME)";
				SWIFT_VERSION = 5.0;
				TARGETED_DEVICE_FAMILY = "1,2";
			};
			name = Release;
		};
/* End XCBuildConfiguration section */

/* Begin XCConfigurationList section */
		04CCF56A259AA28B0019654A /* Build configuration list for PBXProject "Dailye" */ = {
			isa = XCConfigurationList;
			buildConfigurations = (
				04CCF581259AA28F0019654A /* Debug */,
				04CCF582259AA28F0019654A /* Release */,
			);
			defaultConfigurationIsVisible = 0;
			defaultConfigurationName = Release;
		};
		04CCF583259AA28F0019654A /* Build configuration list for PBXNativeTarget "Dailye" */ = {
			isa = XCConfigurationList;
			buildConfigurations = (
				04CCF584259AA28F0019654A /* Debug */,
				04CCF585259AA28F0019654A /* Release */,
			);
			defaultConfigurationIsVisible = 0;
			defaultConfigurationName = Release;
		};
/* End XCConfigurationList section */

/* Begin XCRemoteSwiftPackageReference section */
		0415DB6325A099E100E850B7 /* XCRemoteSwiftPackageReference "url-image" */ = {
			isa = XCRemoteSwiftPackageReference;
			repositoryURL = "https://github.com/dmytro-anokhin/url-image";
			requirement = {
				kind = upToNextMajorVersion;
				minimumVersion = 2.2.0;
			};
		};
/* End XCRemoteSwiftPackageReference section */

/* Begin XCSwiftPackageProductDependency section */
		0415DB6425A099E100E850B7 /* URLImage */ = {
			isa = XCSwiftPackageProductDependency;
			package = 0415DB6325A099E100E850B7 /* XCRemoteSwiftPackageReference "url-image" */;
			productName = URLImage;
		};
/* End XCSwiftPackageProductDependency section */

/* Begin XCVersionGroup section */
		04CCF57D259AA28F0019654A /* Dailye.xcdatamodeld */ = {
			isa = XCVersionGroup;
			children = (
				04CCF57E259AA28F0019654A /* Dailye.xcdatamodel */,
			);
			currentVersion = 04CCF57E259AA28F0019654A /* Dailye.xcdatamodel */;
			path = Dailye.xcdatamodeld;
			sourceTree = "<group>";
			versionGroupType = wrapper.xcdatamodel;
		};
/* End XCVersionGroup section */
	};
	rootObject = 04CCF567259AA28B0019654A /* Project object */;
}
